<?xml version="1.0" encoding="utf-8"?>
<Project ToolsVersion="4.0" xmlns="http://schemas.microsoft.com/developer/msbuild/2003">
  <ItemGroup>
    <Filter Include="Source Files">
      <UniqueIdentifier>{4FC737F1-C7A5-4376-A066-2A32D752A2FF}</UniqueIdentifier>
      <Extensions>cpp;c;cc;cxx;def;odl;idl;hpj;bat;asm;asmx</Extensions>
    </Filter>
    <Filter Include="Header Files">
      <UniqueIdentifier>{93995380-89BD-4b04-88EB-625FBE52EBFB}</UniqueIdentifier>
      <Extensions>h;hh;hpp;hxx;hm;inl;inc;xsd</Extensions>
    </Filter>
  </ItemGroup>
  <ItemGroup>
    <ClInclude Include="CommandParser.hpp">
      <Filter>Header Files</Filter>
    </ClInclude>
    <ClInclude Include="ImageFile.hpp">
      <Filter>Header Files</Filter>
    </ClInclude>
    <ClInclude Include="LogFile.hpp">
      <Filter>Header Files</Filter>
    </ClInclude>
    <ClInclude Include="UPE.hpp">
      <Filter>Header Files</Filter>
    </ClInclude>
    <ClInclude Include="UPELIB.hpp">
      <Filter>Header Files</Filter>
    </ClInclude>
    <ClInclude Include="ConsoleWindow.hpp">
      <Filter>Header Files</Filter>
    </ClInclude>
    <ClInclude Include="StandardUI.hpp">
      <Filter>Header Files</Filter>
    </ClInclude>
    <ClInclude Include="BitStream.hpp">
      <Filter>Header Files</Filter>
    </ClInclude>
    <ClInclude Include="MESA.h">
      <Filter>Header Files</Filter>
    </ClInclude>
    <ClInclude Include="CommandLine.hpp">
      <Filter>Header Files</Filter>
    </ClInclude>
    <ClInclude Include="CheckpointFiles.hpp">
      <Filter>Header Files</Filter>
    </ClInclude>
    <ClInclude Include="MessageQueue.hpp">
      <Filter>Header Files</Filter>
    </ClInclude>
    <ClInclude Include="TerminalServer.hpp">
      <Filter>Header Files</Filter>
    </ClInclude>
    <ClInclude Include="TerminalLine.hpp">
      <Filter>Header Files</Filter>
    </ClInclude>
    <ClInclude Include="CircularBuffer.hpp">
      <Filter>Header Files</Filter>
    </ClInclude>
    <ClInclude Include="SafeCRT.h">
      <Filter>Header Files</Filter>
    </ClInclude>
    <ClInclude Include="Mutex.hpp">
      <Filter>Header Files</Filter>
    </ClInclude>
    <ClInclude Include="Thread.hpp">
      <Filter>Header Files</Filter>
    </ClInclude>
  </ItemGroup>
  <ItemGroup>
    <ClCompile Include="CommandParser.cpp">
      <Filter>Source Files</Filter>
    </ClCompile>
    <ClCompile Include="ImageFile.cpp">
      <Filter>Source Files</Filter>
    </ClCompile>
    <ClCompile Include="LogFile.cpp">
      <Filter>Source Files</Filter>
    </ClCompile>
    <ClCompile Include="UPE.cpp">
      <Filter>Source Files</Filter>
    </ClCompile>
    <ClCompile Include="StandardUI.cpp">
      <Filter>Source Files</Filter>
    </ClCompile>
    <ClCompile Include="BitStream.cpp">
      <Filter>Source Files</Filter>
    </ClCompile>
    <ClCompile Include="CommandLine.cpp">
      <Filter>Source Files</Filter>
    </ClCompile>
    <ClCompile Include="CheckpointFiles.cpp">
      <Filter>Source Files</Filter>
    </ClCompile>
    <ClCompile Include="UPELIB.cpp">
      <Filter>Source Files</Filter>
    </ClCompile>
    <ClCompile Include="MessageQueue.cpp">
      <Filter>Source Files</Filter>
    </ClCompile>
    <ClCompile Include="TerminalServer.cpp">
      <Filter>Source Files</Filter>
    </ClCompile>
    <ClCompile Include="TerminalLine.cpp">
      <Filter>Source Files</Filter>
    </ClCompile>
    <ClCompile Include="WindowsConsole.cpp">
      <Filter>Source Files</Filter>
    </ClCompile>
    <ClCompile Include="Thread.cpp">
      <Filter>Source Files</Filter>
    </ClCompile>
    <ClCompile Include="Mutex.cpp">
      <Filter>Source Files</Filter>
    </ClCompile>
    <ClCompile Include="LinuxConsole.cpp">
      <Filter>Source Files</Filter>
    </ClCompile>
    <ClCompile Include="SafeCRT.c">
      <Filter>Source Files</Filter>
    </ClCompile>
  </ItemGroup>
  <ItemGroup>
    <Text Include="UPELIB.txt" />
    <Text Include="license.txt" />
  </ItemGroup>
</Project>